
Microsoft Visual Studio Solution File, Format Version 12.00
# Visual Studio Version 16
VisualStudioVersion = 16.0.30104.148
MinimumVisualStudioVersion = 10.0.40219.1
Project("{9A19103F-16F7-4668-BE54-9A1E7A4F7556}") = "APITestAtul", "SportItem\APITestAtul.csproj", "{D2CD7434-53E4-4C11-B103-58BFBDF74826}"
EndProject
Global
	GlobalSection(SolutionConfigurationPlatforms) = preSolution
		Debug|Any CPU = Debug|Any CPU
		Release|Any CPU = Release|Any CPU
	EndGlobalSection
	GlobalSection(ProjectConfigurationPlatforms) = postSolution
		{D2CD7434-53E4-4C11-B103-58BFBDF74826}.Debug|Any CPU.ActiveCfg = Debug|Any CPU
		{D2CD7434-53E4-4C11-B103-58BFBDF74826}.Debug|Any CPU.Build.0 = Debug|Any CPU
		{D2CD7434-53E4-4C11-B103-58BFBDF74826}.Release|Any CPU.ActiveCfg = Release|Any CPU
		{D2CD7434-53E4-4C11-B103-58BFBDF74826}.Release|Any CPU.Build.0 = Release|Any CPU
	EndGlobalSection
	GlobalSection(SolutionProperties) = preSolution
		HideSolutionNode = FALSE
	EndGlobalSection
	GlobalSection(ExtensibilityGlobals) = postSolution
		SolutionGuid = {066390DB-0AD6-4EED-819E-77E82D4B5F76}
	EndGlobalSection
EndGlobal
